
Microsoft Visual Studio Solution File, Format Version 12.00
# Visual Studio Version 16
VisualStudioVersion = 16.0.31424.327
MinimumVisualStudioVersion = 10.0.40219.1
Project("{FAE04EC0-301F-11D3-BF4B-00C04F79EFBC}") = "CensusProblem", "CensusProblem\CensusProblem.csproj", "{5FAC8159-9D08-47D2-A1EA-710D794FF2A6}"
EndProject
Global
	GlobalSection(SolutionConfigurationPlatforms) = preSolution
		Debug|Any CPU = Debug|Any CPU
		Release|Any CPU = Release|Any CPU
	EndGlobalSection
	GlobalSection(ProjectConfigurationPlatforms) = postSolution
		{5FAC8159-9D08-47D2-A1EA-710D794FF2A6}.Debug|Any CPU.ActiveCfg = Debug|Any CPU
		{5FAC8159-9D08-47D2-A1EA-710D794FF2A6}.Debug|Any CPU.Build.0 = Debug|Any CPU
		{5FAC8159-9D08-47D2-A1EA-710D794FF2A6}.Release|Any CPU.ActiveCfg = Release|Any CPU
		{5FAC8159-9D08-47D2-A1EA-710D794FF2A6}.Release|Any CPU.Build.0 = Release|Any CPU
	EndGlobalSection
	GlobalSection(SolutionProperties) = preSolution
		HideSolutionNode = FALSE
	EndGlobalSection
	GlobalSection(ExtensibilityGlobals) = postSolution
		SolutionGuid = {0C1D1F57-E88E-43EC-8A0C-C6F79647431B}
	EndGlobalSection
EndGlobal
